
Microsoft Visual Studio Solution File, Format Version 12.00
# Visual Studio Version 17
VisualStudioVersion = 17.2.32526.322
MinimumVisualStudioVersion = 10.0.40219.1
Project("{FAE04EC0-301F-11D3-BF4B-00C04F79EFBC}") = "ASPProject", "ASPProject\ASPProject.csproj", "{7E951B61-8F89-4D40-AADE-3E149CBDA17F}"
EndProject
Global
	GlobalSection(SolutionConfigurationPlatforms) = preSolution
		Debug|Any CPU = Debug|Any CPU
		Release|Any CPU = Release|Any CPU
	EndGlobalSection
	GlobalSection(ProjectConfigurationPlatforms) = postSolution
		{7E951B61-8F89-4D40-AADE-3E149CBDA17F}.Debug|Any CPU.ActiveCfg = Debug|Any CPU
		{7E951B61-8F89-4D40-AADE-3E149CBDA17F}.Debug|Any CPU.Build.0 = Debug|Any CPU
		{7E951B61-8F89-4D40-AADE-3E149CBDA17F}.Release|Any CPU.ActiveCfg = Release|Any CPU
		{7E951B61-8F89-4D40-AADE-3E149CBDA17F}.Release|Any CPU.Build.0 = Release|Any CPU
	EndGlobalSection
	GlobalSection(SolutionProperties) = preSolution
		HideSolutionNode = FALSE
	EndGlobalSection
	GlobalSection(ExtensibilityGlobals) = postSolution
		SolutionGuid = {851CA249-17FF-4089-A473-19D160F362C0}
	EndGlobalSection
EndGlobal
